
Microsoft Visual Studio Solution File, Format Version 12.00
# Visual Studio Version 16
VisualStudioVersion = 16.0.31624.102
MinimumVisualStudioVersion = 10.0.40219.1
Project("{9A19103F-16F7-4668-BE54-9A1E7A4F7556}") = "REST", "REST\REST.csproj", "{595B3FE8-7A10-4199-9C65-31952A2E46F1}"
EndProject
Project("{9A19103F-16F7-4668-BE54-9A1E7A4F7556}") = "GRPC", "GRPC\GRPC.csproj", "{560148B6-C4E1-41C0-A39E-FF0BB1F978E6}"
EndProject
Project("{9A19103F-16F7-4668-BE54-9A1E7A4F7556}") = "Domain", "Domain\Domain.csproj", "{BC3FFCDE-655D-416B-85F4-B3DC1CC032C5}"
EndProject
Project("{9A19103F-16F7-4668-BE54-9A1E7A4F7556}") = "DataAccessLayer", "DataAccessLayer\DataAccessLayer.csproj", "{2D67C81D-5DC2-4009-B1AE-E830199FE030}"
EndProject
Global
	GlobalSection(SolutionConfigurationPlatforms) = preSolution
		Debug|Any CPU = Debug|Any CPU
		Release|Any CPU = Release|Any CPU
	EndGlobalSection
	GlobalSection(ProjectConfigurationPlatforms) = postSolution
		{595B3FE8-7A10-4199-9C65-31952A2E46F1}.Debug|Any CPU.ActiveCfg = Debug|Any CPU
		{595B3FE8-7A10-4199-9C65-31952A2E46F1}.Debug|Any CPU.Build.0 = Debug|Any CPU
		{595B3FE8-7A10-4199-9C65-31952A2E46F1}.Release|Any CPU.ActiveCfg = Release|Any CPU
		{595B3FE8-7A10-4199-9C65-31952A2E46F1}.Release|Any CPU.Build.0 = Release|Any CPU
		{560148B6-C4E1-41C0-A39E-FF0BB1F978E6}.Debug|Any CPU.ActiveCfg = Debug|Any CPU
		{560148B6-C4E1-41C0-A39E-FF0BB1F978E6}.Debug|Any CPU.Build.0 = Debug|Any CPU
		{560148B6-C4E1-41C0-A39E-FF0BB1F978E6}.Release|Any CPU.ActiveCfg = Release|Any CPU
		{560148B6-C4E1-41C0-A39E-FF0BB1F978E6}.Release|Any CPU.Build.0 = Release|Any CPU
		{BC3FFCDE-655D-416B-85F4-B3DC1CC032C5}.Debug|Any CPU.ActiveCfg = Debug|Any CPU
		{BC3FFCDE-655D-416B-85F4-B3DC1CC032C5}.Debug|Any CPU.Build.0 = Debug|Any CPU
		{BC3FFCDE-655D-416B-85F4-B3DC1CC032C5}.Release|Any CPU.ActiveCfg = Release|Any CPU
		{BC3FFCDE-655D-416B-85F4-B3DC1CC032C5}.Release|Any CPU.Build.0 = Release|Any CPU
		{2D67C81D-5DC2-4009-B1AE-E830199FE030}.Debug|Any CPU.ActiveCfg = Debug|Any CPU
		{2D67C81D-5DC2-4009-B1AE-E830199FE030}.Debug|Any CPU.Build.0 = Debug|Any CPU
		{2D67C81D-5DC2-4009-B1AE-E830199FE030}.Release|Any CPU.ActiveCfg = Release|Any CPU
		{2D67C81D-5DC2-4009-B1AE-E830199FE030}.Release|Any CPU.Build.0 = Release|Any CPU
	EndGlobalSection
	GlobalSection(SolutionProperties) = preSolution
		HideSolutionNode = FALSE
	EndGlobalSection
	GlobalSection(ExtensibilityGlobals) = postSolution
		SolutionGuid = {CFFC21AB-830F-4658-9CB3-4F60564BD62A}
	EndGlobalSection
EndGlobal
